
Microsoft Visual Studio Solution File, Format Version 12.00
# Visual Studio Version 17
VisualStudioVersion = 17.5.33424.131
MinimumVisualStudioVersion = 10.0.40219.1
Project("{FAE04EC0-301F-11D3-BF4B-00C04F79EFBC}") = "SubscriberApp", "SubscriberApp.csproj", "{353E410E-7B8D-4F53-B253-1D868FDFAD8C}"
EndProject
Project("{9A19103F-16F7-4668-BE54-9A1E7A4F7556}") = "Common", "..\Common\Common.csproj", "{37675484-5055-4209-A87F-3C0EEB6BB2B5}"
EndProject
Global
	GlobalSection(SolutionConfigurationPlatforms) = preSolution
		Debug|Any CPU = Debug|Any CPU
		Release|Any CPU = Release|Any CPU
	EndGlobalSection
	GlobalSection(ProjectConfigurationPlatforms) = postSolution
		{353E410E-7B8D-4F53-B253-1D868FDFAD8C}.Debug|Any CPU.ActiveCfg = Debug|Any CPU
		{353E410E-7B8D-4F53-B253-1D868FDFAD8C}.Debug|Any CPU.Build.0 = Debug|Any CPU
		{353E410E-7B8D-4F53-B253-1D868FDFAD8C}.Release|Any CPU.ActiveCfg = Release|Any CPU
		{353E410E-7B8D-4F53-B253-1D868FDFAD8C}.Release|Any CPU.Build.0 = Release|Any CPU
		{37675484-5055-4209-A87F-3C0EEB6BB2B5}.Debug|Any CPU.ActiveCfg = Debug|Any CPU
		{37675484-5055-4209-A87F-3C0EEB6BB2B5}.Debug|Any CPU.Build.0 = Debug|Any CPU
		{37675484-5055-4209-A87F-3C0EEB6BB2B5}.Release|Any CPU.ActiveCfg = Release|Any CPU
		{37675484-5055-4209-A87F-3C0EEB6BB2B5}.Release|Any CPU.Build.0 = Release|Any CPU
	EndGlobalSection
	GlobalSection(SolutionProperties) = preSolution
		HideSolutionNode = FALSE
	EndGlobalSection
	GlobalSection(ExtensibilityGlobals) = postSolution
		SolutionGuid = {ADB607E7-42BC-4170-9954-18CE9EC0A000}
	EndGlobalSection
EndGlobal
